
Microsoft Visual Studio Solution File, Format Version 12.00
# Visual Studio Version 16
VisualStudioVersion = 16.0.30611.23
MinimumVisualStudioVersion = 10.0.40219.1
Project("{FAE04EC0-301F-11D3-BF4B-00C04F79EFBC}") = "Workflow", "Workflow.csproj", "{F9F276F3-5EC9-4C6F-A9C6-728AB84E1956}"
EndProject
Global
	GlobalSection(SolutionConfigurationPlatforms) = preSolution
		Debug|Any CPU = Debug|Any CPU
		Release|Any CPU = Release|Any CPU
	EndGlobalSection
	GlobalSection(ProjectConfigurationPlatforms) = postSolution
		{F9F276F3-5EC9-4C6F-A9C6-728AB84E1956}.Debug|Any CPU.ActiveCfg = Debug|Any CPU
		{F9F276F3-5EC9-4C6F-A9C6-728AB84E1956}.Debug|Any CPU.Build.0 = Debug|Any CPU
		{F9F276F3-5EC9-4C6F-A9C6-728AB84E1956}.Release|Any CPU.ActiveCfg = Release|Any CPU
		{F9F276F3-5EC9-4C6F-A9C6-728AB84E1956}.Release|Any CPU.Build.0 = Release|Any CPU
	EndGlobalSection
	GlobalSection(SolutionProperties) = preSolution
		HideSolutionNode = FALSE
	EndGlobalSection
	GlobalSection(ExtensibilityGlobals) = postSolution
		SolutionGuid = {8794EFEA-D9D3-4F1F-9931-5B8E341411F6}
	EndGlobalSection
EndGlobal
