
Microsoft Visual Studio Solution File, Format Version 12.00
# Visual Studio Version 16
VisualStudioVersion = 16.0.30611.23
MinimumVisualStudioVersion = 10.0.40219.1
Project("{9A19103F-16F7-4668-BE54-9A1E7A4F7556}") = "Flow.Core", "Core\Flow.Core.csproj", "{49BF95A0-38C7-4DF2-8840-ED727FC0BA72}"
EndProject
Project("{9A19103F-16F7-4668-BE54-9A1E7A4F7556}") = "Flow.Repository", "Repository\Flow.Repository.csproj", "{3BF1DE61-B764-4133-991F-AB9AD867EBEF}"
EndProject
Global
	GlobalSection(SolutionConfigurationPlatforms) = preSolution
		Debug|Any CPU = Debug|Any CPU
		Release|Any CPU = Release|Any CPU
	EndGlobalSection
	GlobalSection(ProjectConfigurationPlatforms) = postSolution
		{49BF95A0-38C7-4DF2-8840-ED727FC0BA72}.Debug|Any CPU.ActiveCfg = Debug|Any CPU
		{49BF95A0-38C7-4DF2-8840-ED727FC0BA72}.Debug|Any CPU.Build.0 = Debug|Any CPU
		{49BF95A0-38C7-4DF2-8840-ED727FC0BA72}.Release|Any CPU.ActiveCfg = Release|Any CPU
		{49BF95A0-38C7-4DF2-8840-ED727FC0BA72}.Release|Any CPU.Build.0 = Release|Any CPU
		{3BF1DE61-B764-4133-991F-AB9AD867EBEF}.Debug|Any CPU.ActiveCfg = Debug|Any CPU
		{3BF1DE61-B764-4133-991F-AB9AD867EBEF}.Debug|Any CPU.Build.0 = Debug|Any CPU
		{3BF1DE61-B764-4133-991F-AB9AD867EBEF}.Release|Any CPU.ActiveCfg = Release|Any CPU
		{3BF1DE61-B764-4133-991F-AB9AD867EBEF}.Release|Any CPU.Build.0 = Release|Any CPU
	EndGlobalSection
	GlobalSection(SolutionProperties) = preSolution
		HideSolutionNode = FALSE
	EndGlobalSection
	GlobalSection(ExtensibilityGlobals) = postSolution
		SolutionGuid = {8794EFEA-D9D3-4F1F-9931-5B8E341411F6}
	EndGlobalSection
EndGlobal
