
Microsoft Visual Studio Solution File, Format Version 12.00
# Visual Studio Version 16
VisualStudioVersion = 16.0.30611.23
MinimumVisualStudioVersion = 10.0.40219.1
Project("{9A19103F-16F7-4668-BE54-9A1E7A4F7556}") = "Yitec.Workflow", "Yitec.Workflow\Yitec.Workflow.csproj", "{F24C6817-2B27-4AEC-AD74-873B078A3166}"
EndProject
Project("{FAE04EC0-301F-11D3-BF4B-00C04F79EFBC}") = "Yitec.Workflow.Unittest", "Yitec.Workflow.Unittest\Yitec.Workflow.Unittest.csproj", "{CEB24EAC-D018-4279-8599-EB290D6BA2B1}"
EndProject
Global
	GlobalSection(SolutionConfigurationPlatforms) = preSolution
		Debug|Any CPU = Debug|Any CPU
		Release|Any CPU = Release|Any CPU
	EndGlobalSection
	GlobalSection(ProjectConfigurationPlatforms) = postSolution
		{F24C6817-2B27-4AEC-AD74-873B078A3166}.Debug|Any CPU.ActiveCfg = Debug|Any CPU
		{F24C6817-2B27-4AEC-AD74-873B078A3166}.Debug|Any CPU.Build.0 = Debug|Any CPU
		{F24C6817-2B27-4AEC-AD74-873B078A3166}.Release|Any CPU.ActiveCfg = Release|Any CPU
		{F24C6817-2B27-4AEC-AD74-873B078A3166}.Release|Any CPU.Build.0 = Release|Any CPU
		{CEB24EAC-D018-4279-8599-EB290D6BA2B1}.Debug|Any CPU.ActiveCfg = Debug|Any CPU
		{CEB24EAC-D018-4279-8599-EB290D6BA2B1}.Debug|Any CPU.Build.0 = Debug|Any CPU
		{CEB24EAC-D018-4279-8599-EB290D6BA2B1}.Release|Any CPU.ActiveCfg = Release|Any CPU
		{CEB24EAC-D018-4279-8599-EB290D6BA2B1}.Release|Any CPU.Build.0 = Release|Any CPU
	EndGlobalSection
	GlobalSection(SolutionProperties) = preSolution
		HideSolutionNode = FALSE
	EndGlobalSection
	GlobalSection(ExtensibilityGlobals) = postSolution
		SolutionGuid = {8794EFEA-D9D3-4F1F-9931-5B8E341411F6}
	EndGlobalSection
EndGlobal
